
Microsoft Visual Studio Solution File, Format Version 12.00
# Visual Studio Version 17
VisualStudioVersion = 17.14.36414.22
MinimumVisualStudioVersion = 10.0.40219.1
Project("{FAE04EC0-301F-11D3-BF4B-00C04F79EFBC}") = "SleazyRetailers", "SleazyRetailers\SleazyRetailers.csproj", "{AF5B2EB4-2484-48C1-846D-02433C3BF3D5}"
EndProject
Project("{FAE04EC0-301F-11D3-BF4B-00C04F79EFBC}") = "SleazyRetailers.Functions", "SleazyRetailers.Functions\SleazyRetailers.Functions.csproj", "{71BB8EB2-5EDE-4CE5-A372-00C415F2CE74}"
EndProject
Global
	GlobalSection(SolutionConfigurationPlatforms) = preSolution
		Debug|Any CPU = Debug|Any CPU
		Release|Any CPU = Release|Any CPU
	EndGlobalSection
	GlobalSection(ProjectConfigurationPlatforms) = postSolution
		{AF5B2EB4-2484-48C1-846D-02433C3BF3D5}.Debug|Any CPU.ActiveCfg = Debug|Any CPU
		{AF5B2EB4-2484-48C1-846D-02433C3BF3D5}.Debug|Any CPU.Build.0 = Debug|Any CPU
		{AF5B2EB4-2484-48C1-846D-02433C3BF3D5}.Release|Any CPU.ActiveCfg = Release|Any CPU
		{AF5B2EB4-2484-48C1-846D-02433C3BF3D5}.Release|Any CPU.Build.0 = Release|Any CPU
		{71BB8EB2-5EDE-4CE5-A372-00C415F2CE74}.Debug|Any CPU.ActiveCfg = Debug|Any CPU
		{71BB8EB2-5EDE-4CE5-A372-00C415F2CE74}.Debug|Any CPU.Build.0 = Debug|Any CPU
		{71BB8EB2-5EDE-4CE5-A372-00C415F2CE74}.Release|Any CPU.ActiveCfg = Release|Any CPU
		{71BB8EB2-5EDE-4CE5-A372-00C415F2CE74}.Release|Any CPU.Build.0 = Release|Any CPU
	EndGlobalSection
	GlobalSection(SolutionProperties) = preSolution
		HideSolutionNode = FALSE
	EndGlobalSection
	GlobalSection(ExtensibilityGlobals) = postSolution
		SolutionGuid = {31FF2712-E144-4DE8-9463-83FC35D6C882}
	EndGlobalSection
EndGlobal
